
Microsoft Visual Studio Solution File, Format Version 12.00
# Visual Studio Version 16
VisualStudioVersion = 16.0.30804.86
MinimumVisualStudioVersion = 10.0.40219.1
Project("{FAE04EC0-301F-11D3-BF4B-00C04F79EFBC}") = "BugsFrontend", "BugsFrontend\BugsFrontend.csproj", "{AD893A4E-3392-4431-8019-F00A111779E9}"
EndProject
Project("{FAE04EC0-301F-11D3-BF4B-00C04F79EFBC}") = "BugsApi", "BugsApi\BugsApi.csproj", "{19161075-B8D0-4987-BA2A-131E50B99A3E}"
EndProject
Project("{E53339B2-1760-4266-BCC7-CA923CBCF16C}") = "docker-compose", "docker-compose.dcproj", "{7B300CC9-4ACD-4868-A2A8-F00E9DDB68A9}"
EndProject
Global
	GlobalSection(SolutionConfigurationPlatforms) = preSolution
		Debug|Any CPU = Debug|Any CPU
		Release|Any CPU = Release|Any CPU
	EndGlobalSection
	GlobalSection(ProjectConfigurationPlatforms) = postSolution
		{AD893A4E-3392-4431-8019-F00A111779E9}.Debug|Any CPU.ActiveCfg = Debug|Any CPU
		{AD893A4E-3392-4431-8019-F00A111779E9}.Debug|Any CPU.Build.0 = Debug|Any CPU
		{AD893A4E-3392-4431-8019-F00A111779E9}.Release|Any CPU.ActiveCfg = Release|Any CPU
		{AD893A4E-3392-4431-8019-F00A111779E9}.Release|Any CPU.Build.0 = Release|Any CPU
		{19161075-B8D0-4987-BA2A-131E50B99A3E}.Debug|Any CPU.ActiveCfg = Debug|Any CPU
		{19161075-B8D0-4987-BA2A-131E50B99A3E}.Debug|Any CPU.Build.0 = Debug|Any CPU
		{19161075-B8D0-4987-BA2A-131E50B99A3E}.Release|Any CPU.ActiveCfg = Release|Any CPU
		{19161075-B8D0-4987-BA2A-131E50B99A3E}.Release|Any CPU.Build.0 = Release|Any CPU
		{7B300CC9-4ACD-4868-A2A8-F00E9DDB68A9}.Debug|Any CPU.ActiveCfg = Debug|Any CPU
		{7B300CC9-4ACD-4868-A2A8-F00E9DDB68A9}.Debug|Any CPU.Build.0 = Debug|Any CPU
		{7B300CC9-4ACD-4868-A2A8-F00E9DDB68A9}.Release|Any CPU.ActiveCfg = Release|Any CPU
		{7B300CC9-4ACD-4868-A2A8-F00E9DDB68A9}.Release|Any CPU.Build.0 = Release|Any CPU
	EndGlobalSection
	GlobalSection(SolutionProperties) = preSolution
		HideSolutionNode = FALSE
	EndGlobalSection
	GlobalSection(ExtensibilityGlobals) = postSolution
		SolutionGuid = {B4043381-4991-48B2-AF2A-84A25C3DC589}
	EndGlobalSection
EndGlobal
